
Microsoft Visual Studio Solution File, Format Version 12.00
# Visual Studio Version 17
VisualStudioVersion = 17.5.33502.453
MinimumVisualStudioVersion = 10.0.40219.1
Project("{9A19103F-16F7-4668-BE54-9A1E7A4F7556}") = "DotNetEasyPdfSample.Web", "DotNetEasyPdfSample.Web\DotNetEasyPdfSample.Web.csproj", "{0167CACC-5754-43B0-A911-4527C538C2A2}"
EndProject
Project("{FAE04EC0-301F-11D3-BF4B-00C04F79EFBC}") = "DotNetEasyPdfSample.ConsoleApp.DotNetFw", "DotNetEasyPdfSample.ConsoleApp.DotNetFw\DotNetEasyPdfSample.ConsoleApp.DotNetFw.csproj", "{B68A413A-4F77-4D67-BFF0-8B51D81EFCF7}"
EndProject
Project("{FAE04EC0-301F-11D3-BF4B-00C04F79EFBC}") = "DotNetEasyPdfSample.Web.DotNetFw", "DotNetEasyPdfSample.Web.DotNetFw\DotNetEasyPdfSample.Web.DotNetFw.csproj", "{9AA51A2E-6004-4318-8D5C-458C4974331E}"
EndProject
Global
	GlobalSection(SolutionConfigurationPlatforms) = preSolution
		Debug|Any CPU = Debug|Any CPU
		Release|Any CPU = Release|Any CPU
	EndGlobalSection
	GlobalSection(ProjectConfigurationPlatforms) = postSolution
		{0167CACC-5754-43B0-A911-4527C538C2A2}.Debug|Any CPU.ActiveCfg = Debug|Any CPU
		{0167CACC-5754-43B0-A911-4527C538C2A2}.Debug|Any CPU.Build.0 = Debug|Any CPU
		{0167CACC-5754-43B0-A911-4527C538C2A2}.Release|Any CPU.ActiveCfg = Release|Any CPU
		{0167CACC-5754-43B0-A911-4527C538C2A2}.Release|Any CPU.Build.0 = Release|Any CPU
		{B68A413A-4F77-4D67-BFF0-8B51D81EFCF7}.Debug|Any CPU.ActiveCfg = Debug|Any CPU
		{B68A413A-4F77-4D67-BFF0-8B51D81EFCF7}.Debug|Any CPU.Build.0 = Debug|Any CPU
		{B68A413A-4F77-4D67-BFF0-8B51D81EFCF7}.Release|Any CPU.ActiveCfg = Release|Any CPU
		{B68A413A-4F77-4D67-BFF0-8B51D81EFCF7}.Release|Any CPU.Build.0 = Release|Any CPU
		{9AA51A2E-6004-4318-8D5C-458C4974331E}.Debug|Any CPU.ActiveCfg = Debug|Any CPU
		{9AA51A2E-6004-4318-8D5C-458C4974331E}.Debug|Any CPU.Build.0 = Debug|Any CPU
		{9AA51A2E-6004-4318-8D5C-458C4974331E}.Release|Any CPU.ActiveCfg = Release|Any CPU
		{9AA51A2E-6004-4318-8D5C-458C4974331E}.Release|Any CPU.Build.0 = Release|Any CPU
	EndGlobalSection
	GlobalSection(SolutionProperties) = preSolution
		HideSolutionNode = FALSE
	EndGlobalSection
	GlobalSection(ExtensibilityGlobals) = postSolution
		SolutionGuid = {1DD02045-C69A-4710-8614-8131D2ADF2A1}
	EndGlobalSection
EndGlobal
